
Microsoft Visual Studio Solution File, Format Version 12.00
Project("{FAE04EC0-301F-11D3-BF4B-00C04F79EFBC}") = "MosaicCollectionLayoutXamarin", "MosaicCollectionLayoutXamarin\MosaicCollectionLayoutXamarin.csproj", "{5D07BE36-6F05-446A-8922-D2E4989CB540}"
EndProject
Global
	GlobalSection(SolutionConfigurationPlatforms) = preSolution
		Debug|iPhone = Debug|iPhone
		Debug|iPhoneSimulator = Debug|iPhoneSimulator
		Release|iPhone = Release|iPhone
		Release|iPhoneSimulator = Release|iPhoneSimulator
	EndGlobalSection
	GlobalSection(ProjectConfigurationPlatforms) = postSolution
		{5D07BE36-6F05-446A-8922-D2E4989CB540}.Debug|iPhone.ActiveCfg = Debug|iPhone
		{5D07BE36-6F05-446A-8922-D2E4989CB540}.Debug|iPhone.Build.0 = Debug|iPhone
		{5D07BE36-6F05-446A-8922-D2E4989CB540}.Debug|iPhone.Deploy.0 = Debug|iPhone
		{5D07BE36-6F05-446A-8922-D2E4989CB540}.Debug|iPhoneSimulator.ActiveCfg = Debug|iPhoneSimulator
		{5D07BE36-6F05-446A-8922-D2E4989CB540}.Debug|iPhoneSimulator.Build.0 = Debug|iPhoneSimulator
		{5D07BE36-6F05-446A-8922-D2E4989CB540}.Debug|iPhoneSimulator.Deploy.0 = Debug|iPhoneSimulator
		{5D07BE36-6F05-446A-8922-D2E4989CB540}.Release|iPhone.ActiveCfg = Release|iPhone
		{5D07BE36-6F05-446A-8922-D2E4989CB540}.Release|iPhone.Build.0 = Release|iPhone
		{5D07BE36-6F05-446A-8922-D2E4989CB540}.Release|iPhone.Deploy.0 = Release|iPhone
		{5D07BE36-6F05-446A-8922-D2E4989CB540}.Release|iPhoneSimulator.ActiveCfg = Release|iPhoneSimulator
		{5D07BE36-6F05-446A-8922-D2E4989CB540}.Release|iPhoneSimulator.Build.0 = Release|iPhoneSimulator
		{5D07BE36-6F05-446A-8922-D2E4989CB540}.Release|iPhoneSimulator.Deploy.0 = Release|iPhoneSimulator
	EndGlobalSection
EndGlobal
